
Microsoft Visual Studio Solution File, Format Version 12.00
# Visual Studio Version 17
VisualStudioVersion = 17.13.35919.96 d17.13
MinimumVisualStudioVersion = 10.0.40219.1
Project("{FAE04EC0-301F-11D3-BF4B-00C04F79EFBC}") = "WinFormsApp1", "WinFormsApp1.csproj", "{6365A244-3E03-400D-A96B-409694A4D811}"
EndProject
Global
	GlobalSection(SolutionConfigurationPlatforms) = preSolution
		Debug|Any CPU = Debug|Any CPU
		Release|Any CPU = Release|Any CPU
	EndGlobalSection
	GlobalSection(ProjectConfigurationPlatforms) = postSolution
		{6365A244-3E03-400D-A96B-409694A4D811}.Debug|Any CPU.ActiveCfg = Debug|Any CPU
		{6365A244-3E03-400D-A96B-409694A4D811}.Debug|Any CPU.Build.0 = Debug|Any CPU
		{6365A244-3E03-400D-A96B-409694A4D811}.Release|Any CPU.ActiveCfg = Release|Any CPU
		{6365A244-3E03-400D-A96B-409694A4D811}.Release|Any CPU.Build.0 = Release|Any CPU
	EndGlobalSection
	GlobalSection(SolutionProperties) = preSolution
		HideSolutionNode = FALSE
	EndGlobalSection
	GlobalSection(ExtensibilityGlobals) = postSolution
		SolutionGuid = {FBDF8A7D-4C32-437E-AEC6-BA179937CC18}
	EndGlobalSection
EndGlobal
